
Microsoft Visual Studio Solution File, Format Version 12.00
# Visual Studio Version 16
VisualStudioVersion = 16.0.31424.327
MinimumVisualStudioVersion = 10.0.40219.1
Project("{FAE04EC0-301F-11D3-BF4B-00C04F79EFBC}") = "TaskOne", "src\TaskOne\TaskOne.csproj", "{7E4A233E-CE2E-4F1C-BEB2-F28F74CFB7B7}"
EndProject
Project("{FAE04EC0-301F-11D3-BF4B-00C04F79EFBC}") = "TaskTwo", "src\TaskTwo\TaskTwo.csproj", "{3E9D342B-E1FA-43F5-9BF1-76F2AF63C1F7}"
EndProject
Global
	GlobalSection(SolutionConfigurationPlatforms) = preSolution
		Debug|Any CPU = Debug|Any CPU
		Release|Any CPU = Release|Any CPU
	EndGlobalSection
	GlobalSection(ProjectConfigurationPlatforms) = postSolution
		{7E4A233E-CE2E-4F1C-BEB2-F28F74CFB7B7}.Debug|Any CPU.ActiveCfg = Debug|Any CPU
		{7E4A233E-CE2E-4F1C-BEB2-F28F74CFB7B7}.Debug|Any CPU.Build.0 = Debug|Any CPU
		{7E4A233E-CE2E-4F1C-BEB2-F28F74CFB7B7}.Release|Any CPU.ActiveCfg = Release|Any CPU
		{7E4A233E-CE2E-4F1C-BEB2-F28F74CFB7B7}.Release|Any CPU.Build.0 = Release|Any CPU
		{3E9D342B-E1FA-43F5-9BF1-76F2AF63C1F7}.Debug|Any CPU.ActiveCfg = Debug|Any CPU
		{3E9D342B-E1FA-43F5-9BF1-76F2AF63C1F7}.Debug|Any CPU.Build.0 = Debug|Any CPU
		{3E9D342B-E1FA-43F5-9BF1-76F2AF63C1F7}.Release|Any CPU.ActiveCfg = Release|Any CPU
		{3E9D342B-E1FA-43F5-9BF1-76F2AF63C1F7}.Release|Any CPU.Build.0 = Release|Any CPU
	EndGlobalSection
	GlobalSection(SolutionProperties) = preSolution
		HideSolutionNode = FALSE
	EndGlobalSection
	GlobalSection(ExtensibilityGlobals) = postSolution
		SolutionGuid = {F5A7646A-6A97-4879-8315-F47E2E3A2C8B}
	EndGlobalSection
EndGlobal
